
Microsoft Visual Studio Solution File, Format Version 12.00
# Visual Studio 14
VisualStudioVersion = 14.0.22823.1
MinimumVisualStudioVersion = 10.0.40219.1
Project("{FAE04EC0-301F-11D3-BF4B-00C04F79EFBC}") = "LawSoft.Ioc", "LawSoft.Ioc\LawSoft.Ioc.csproj", "{8E69083C-418F-4A7C-AB03-BEDFCE14E54A}"
EndProject
Project("{FAE04EC0-301F-11D3-BF4B-00C04F79EFBC}") = "LawSoft.Ioc.Test", "LawSoft.Ioc.Test\LawSoft.Ioc.Test.csproj", "{493E5554-AB12-46B3-B543-B124380752D7}"
EndProject
Global
	GlobalSection(SolutionConfigurationPlatforms) = preSolution
		Debug|Any CPU = Debug|Any CPU
		Release|Any CPU = Release|Any CPU
	EndGlobalSection
	GlobalSection(ProjectConfigurationPlatforms) = postSolution
		{8E69083C-418F-4A7C-AB03-BEDFCE14E54A}.Debug|Any CPU.ActiveCfg = Debug|Any CPU
		{8E69083C-418F-4A7C-AB03-BEDFCE14E54A}.Debug|Any CPU.Build.0 = Debug|Any CPU
		{8E69083C-418F-4A7C-AB03-BEDFCE14E54A}.Release|Any CPU.ActiveCfg = Release|Any CPU
		{8E69083C-418F-4A7C-AB03-BEDFCE14E54A}.Release|Any CPU.Build.0 = Release|Any CPU
		{493E5554-AB12-46B3-B543-B124380752D7}.Debug|Any CPU.ActiveCfg = Debug|Any CPU
		{493E5554-AB12-46B3-B543-B124380752D7}.Debug|Any CPU.Build.0 = Debug|Any CPU
		{493E5554-AB12-46B3-B543-B124380752D7}.Release|Any CPU.ActiveCfg = Release|Any CPU
		{493E5554-AB12-46B3-B543-B124380752D7}.Release|Any CPU.Build.0 = Release|Any CPU
	EndGlobalSection
	GlobalSection(SolutionProperties) = preSolution
		HideSolutionNode = FALSE
	EndGlobalSection
EndGlobal
